
Microsoft Visual Studio Solution File, Format Version 12.00
# Visual Studio Version 16
VisualStudioVersion = 16.0.31911.196
MinimumVisualStudioVersion = 10.0.40219.1
Project("{FAE04EC0-301F-11D3-BF4B-00C04F79EFBC}") = "WpfApp2", "WpfApp2\WpfApp2.csproj", "{113C1A1F-1A8A-4B24-86D0-B114CA4AC28F}"
EndProject
Global
	GlobalSection(SolutionConfigurationPlatforms) = preSolution
		Debug|Any CPU = Debug|Any CPU
		Release|Any CPU = Release|Any CPU
	EndGlobalSection
	GlobalSection(ProjectConfigurationPlatforms) = postSolution
		{113C1A1F-1A8A-4B24-86D0-B114CA4AC28F}.Debug|Any CPU.ActiveCfg = Debug|Any CPU
		{113C1A1F-1A8A-4B24-86D0-B114CA4AC28F}.Debug|Any CPU.Build.0 = Debug|Any CPU
		{113C1A1F-1A8A-4B24-86D0-B114CA4AC28F}.Release|Any CPU.ActiveCfg = Release|Any CPU
		{113C1A1F-1A8A-4B24-86D0-B114CA4AC28F}.Release|Any CPU.Build.0 = Release|Any CPU
	EndGlobalSection
	GlobalSection(SolutionProperties) = preSolution
		HideSolutionNode = FALSE
	EndGlobalSection
	GlobalSection(ExtensibilityGlobals) = postSolution
		SolutionGuid = {3960B68A-E43F-4DA4-A33A-552169553615}
	EndGlobalSection
EndGlobal
